Microsoft Visual Studio Solution File, Format Version 9.00
# Visual Studio 2005
Project("{8BC9CEB8-8B4A-11D0-8D11-00A0C91BC942}") = "ALL_BUILD", ".\ALL_BUILD.vcproj", "{4892FB2A-FE55-4442-ABC4-B2D0FE430E7D}"
	ProjectSection(ProjectDependencies) = postProject
		{B5EBA923-7887-443D-983B-64B649FBA5C8} = {B5EBA923-7887-443D-983B-64B649FBA5C8}
		{253A471B-7063-4F0F-ACA6-D28732427042} = {253A471B-7063-4F0F-ACA6-D28732427042}
		{1CB7091D-FD78-4120-8DDA-036886C6DCAA} = {1CB7091D-FD78-4120-8DDA-036886C6DCAA}
		{B188F0DF-B1E6-4DEA-B951-57A0B144A52D} = {B188F0DF-B1E6-4DEA-B951-57A0B144A52D}
		{43EAC840-CD57-46F3-A7D1-7DE52B9FBBED} = {43EAC840-CD57-46F3-A7D1-7DE52B9FBBED}
		{A04BD2BF-A92C-421D-9261-AAC6D4BD4FB8} = {A04BD2BF-A92C-421D-9261-AAC6D4BD4FB8}
		{1E5DA2D5-B4E2-47E2-8A1A-4E1377E95E43} = {1E5DA2D5-B4E2-47E2-8A1A-4E1377E95E43}
		{6625F821-75A0-42F6-8032-247FCFF4A4EF} = {6625F821-75A0-42F6-8032-247FCFF4A4EF}
		{12732504-9ED4-40B5-9B2A-A9F49468C2C2} = {12732504-9ED4-40B5-9B2A-A9F49468C2C2}
		{1F5B976A-EE44-4B84-868E-60DED76FE305} = {1F5B976A-EE44-4B84-868E-60DED76FE305}
		{FD8CDA3A-8D82-4296-B247-458CED78462F} = {FD8CDA3A-8D82-4296-B247-458CED78462F}
		{8E80B050-4A06-408E-8E95-DB0985337742} = {8E80B050-4A06-408E-8E95-DB0985337742}
		{76CD227A-74B0-466E-9324-4C6D20C4FFD9} = {76CD227A-74B0-466E-9324-4C6D20C4FFD9}
		{730DABA5-A3EE-4A25-AA12-89C9004CE04A} = {730DABA5-A3EE-4A25-AA12-89C9004CE04A}
		{74A4E12B-A361-4927-AC22-8DAEDF28E246} = {74A4E12B-A361-4927-AC22-8DAEDF28E246}
		{80B5762B-8920-41CB-989A-58FC4955A551} = {80B5762B-8920-41CB-989A-58FC4955A551}
		{22CB67F2-F442-420F-9F00-BFA8194B0209} = {22CB67F2-F442-420F-9F00-BFA8194B0209}
		{19FAF49B-27E6-4261-A66C-B3BA87198B06} = {19FAF49B-27E6-4261-A66C-B3BA87198B06}
		{5516D582-4522-40AB-9BF6-A4E5F24BBF04} = {5516D582-4522-40AB-9BF6-A4E5F24BBF04}
		{9DB57ABB-ACC3-48D5-A650-EE7CC080230B} = {9DB57ABB-ACC3-48D5-A650-EE7CC080230B}
		{B878BBF3-1589-4EF1-997E-445CBB7AFEEE} = {B878BBF3-1589-4EF1-997E-445CBB7AFEEE}
		{6AA2448E-957B-4FA9-9678-2E705D88D366} = {6AA2448E-957B-4FA9-9678-2E705D88D366}
		{F072F516-09CC-4B31-A066-C67880B84619} = {F072F516-09CC-4B31-A066-C67880B84619}
		{77B30ABA-E378-4647-9939-EB720671AB67} = {77B30ABA-E378-4647-9939-EB720671AB67}
		{34CD8785-4700-41DD-A70C-8AB08F7D457D} = {34CD8785-4700-41DD-A70C-8AB08F7D457D}
		{068A29E0-0754-4E03-835A-0A304C9CA12F} = {068A29E0-0754-4E03-835A-0A304C9CA12F}
		{87A5A666-2A24-4BB3-804F-0D664D1AA65D} = {87A5A666-2A24-4BB3-804F-0D664D1AA65D}
		{FCD0B8BF-A005-477D-B277-09F7FBA007D5} = {FCD0B8BF-A005-477D-B277-09F7FBA007D5}
		{5416BFD4-42DF-4662-A33C-E417A87D32C8} = {5416BFD4-42DF-4662-A33C-E417A87D32C8}
		{C4EE64CF-6CF1-4F09-9BE0-37AC8BA96C34} = {C4EE64CF-6CF1-4F09-9BE0-37AC8BA96C34}
		{E5F04D1D-82CE-44B2-9D54-763044342598} = {E5F04D1D-82CE-44B2-9D54-763044342598}
	EndProjectSection
EndProject
Project("{8BC9CEB8-8B4A-11D0-8D11-00A0C91BC942}") = "DATA_COPY", ".\DATA_COPY.vcproj", "{BCE21910-7A81-4B8E-BCB1-90D4360B6007}"
	ProjectSection(ProjectDependencies) = postProject
		{B5EBA923-7887-443D-983B-64B649FBA5C8} = {B5EBA923-7887-443D-983B-64B649FBA5C8}
	EndProjectSection
EndProject
Project("{8BC9CEB8-8B4A-11D0-8D11-00A0C91BC942}") = "ZERO_CHECK", ".\ZERO_CHECK.vcproj", "{B5EBA923-7887-443D-983B-64B649FBA5C8}"
	ProjectSection(ProjectDependencies) = postProject
	EndProjectSection
EndProject
Project("{8BC9CEB8-8B4A-11D0-8D11-00A0C91BC942}") = "ogl-buffer-type", "samples\ogl-buffer-type\ogl-buffer-type.vcproj", "{253A471B-7063-4F0F-ACA6-D28732427042}"
	ProjectSection(ProjectDependencies) = postProject
		{BCE21910-7A81-4B8E-BCB1-90D4360B6007} = {BCE21910-7A81-4B8E-BCB1-90D4360B6007}
		{B5EBA923-7887-443D-983B-64B649FBA5C8} = {B5EBA923-7887-443D-983B-64B649FBA5C8}
	EndProjectSection
EndProject
Project("{8BC9CEB8-8B4A-11D0-8D11-00A0C91BC942}") = "ogl-buffer-uniform", "samples\ogl-buffer-uniform\ogl-buffer-uniform.vcproj", "{1CB7091D-FD78-4120-8DDA-036886C6DCAA}"
	ProjectSection(ProjectDependencies) = postProject
		{BCE21910-7A81-4B8E-BCB1-90D4360B6007} = {BCE21910-7A81-4B8E-BCB1-90D4360B6007}
		{B5EBA923-7887-443D-983B-64B649FBA5C8} = {B5EBA923-7887-443D-983B-64B649FBA5C8}
	EndProjectSection
EndProject
Project("{8BC9CEB8-8B4A-11D0-8D11-00A0C91BC942}") = "ogl-buffer-update", "samples\ogl-buffer-update\ogl-buffer-update.vcproj", "{B188F0DF-B1E6-4DEA-B951-57A0B144A52D}"
	ProjectSection(ProjectDependencies) = postProject
		{BCE21910-7A81-4B8E-BCB1-90D4360B6007} = {BCE21910-7A81-4B8E-BCB1-90D4360B6007}
		{B5EBA923-7887-443D-983B-64B649FBA5C8} = {B5EBA923-7887-443D-983B-64B649FBA5C8}
	EndProjectSection
EndProject
Project("{8BC9CEB8-8B4A-11D0-8D11-00A0C91BC942}") = "ogl-draw-base-vertex", "samples\ogl-draw-base-vertex\ogl-draw-base-vertex.vcproj", "{43EAC840-CD57-46F3-A7D1-7DE52B9FBBED}"
	ProjectSection(ProjectDependencies) = postProject
		{BCE21910-7A81-4B8E-BCB1-90D4360B6007} = {BCE21910-7A81-4B8E-BCB1-90D4360B6007}
		{B5EBA923-7887-443D-983B-64B649FBA5C8} = {B5EBA923-7887-443D-983B-64B649FBA5C8}
	EndProjectSection
EndProject
Project("{8BC9CEB8-8B4A-11D0-8D11-00A0C91BC942}") = "ogl-draw-elements", "samples\ogl-draw-elements\ogl-draw-elements.vcproj", "{A04BD2BF-A92C-421D-9261-AAC6D4BD4FB8}"
	ProjectSection(ProjectDependencies) = postProject
		{BCE21910-7A81-4B8E-BCB1-90D4360B6007} = {BCE21910-7A81-4B8E-BCB1-90D4360B6007}
		{B5EBA923-7887-443D-983B-64B649FBA5C8} = {B5EBA923-7887-443D-983B-64B649FBA5C8}
	EndProjectSection
EndProject
Project("{8BC9CEB8-8B4A-11D0-8D11-00A0C91BC942}") = "ogl-draw-instanced", "samples\ogl-draw-instanced\ogl-draw-instanced.vcproj", "{1E5DA2D5-B4E2-47E2-8A1A-4E1377E95E43}"
	ProjectSection(ProjectDependencies) = postProject
		{BCE21910-7A81-4B8E-BCB1-90D4360B6007} = {BCE21910-7A81-4B8E-BCB1-90D4360B6007}
		{B5EBA923-7887-443D-983B-64B649FBA5C8} = {B5EBA923-7887-443D-983B-64B649FBA5C8}
	EndProjectSection
EndProject
Project("{8BC9CEB8-8B4A-11D0-8D11-00A0C91BC942}") = "ogl-draw-instanced-array", "samples\ogl-draw-instanced-array\ogl-draw-instanced-array.vcproj", "{6625F821-75A0-42F6-8032-247FCFF4A4EF}"
	ProjectSection(ProjectDependencies) = postProject
		{BCE21910-7A81-4B8E-BCB1-90D4360B6007} = {BCE21910-7A81-4B8E-BCB1-90D4360B6007}
		{B5EBA923-7887-443D-983B-64B649FBA5C8} = {B5EBA923-7887-443D-983B-64B649FBA5C8}
	EndProjectSection
EndProject
Project("{8BC9CEB8-8B4A-11D0-8D11-00A0C91BC942}") = "ogl-draw-multiple", "samples\ogl-draw-multiple\ogl-draw-multiple.vcproj", "{12732504-9ED4-40B5-9B2A-A9F49468C2C2}"
	ProjectSection(ProjectDependencies) = postProject
		{BCE21910-7A81-4B8E-BCB1-90D4360B6007} = {BCE21910-7A81-4B8E-BCB1-90D4360B6007}
		{B5EBA923-7887-443D-983B-64B649FBA5C8} = {B5EBA923-7887-443D-983B-64B649FBA5C8}
	EndProjectSection
EndProject
Project("{8BC9CEB8-8B4A-11D0-8D11-00A0C91BC942}") = "ogl-draw-range", "samples\ogl-draw-range\ogl-draw-range.vcproj", "{1F5B976A-EE44-4B84-868E-60DED76FE305}"
	ProjectSection(ProjectDependencies) = postProject
		{BCE21910-7A81-4B8E-BCB1-90D4360B6007} = {BCE21910-7A81-4B8E-BCB1-90D4360B6007}
		{B5EBA923-7887-443D-983B-64B649FBA5C8} = {B5EBA923-7887-443D-983B-64B649FBA5C8}
	EndProjectSection
EndProject
Project("{8BC9CEB8-8B4A-11D0-8D11-00A0C91BC942}") = "ogl-fbo-blit", "samples\ogl-fbo-blit\ogl-fbo-blit.vcproj", "{FD8CDA3A-8D82-4296-B247-458CED78462F}"
	ProjectSection(ProjectDependencies) = postProject
		{BCE21910-7A81-4B8E-BCB1-90D4360B6007} = {BCE21910-7A81-4B8E-BCB1-90D4360B6007}
		{B5EBA923-7887-443D-983B-64B649FBA5C8} = {B5EBA923-7887-443D-983B-64B649FBA5C8}
	EndProjectSection
EndProject
Project("{8BC9CEB8-8B4A-11D0-8D11-00A0C91BC942}") = "ogl-fbo-mipmaps", "samples\ogl-fbo-mipmaps\ogl-fbo-mipmaps.vcproj", "{8E80B050-4A06-408E-8E95-DB0985337742}"
	ProjectSection(ProjectDependencies) = postProject
		{BCE21910-7A81-4B8E-BCB1-90D4360B6007} = {BCE21910-7A81-4B8E-BCB1-90D4360B6007}
		{B5EBA923-7887-443D-983B-64B649FBA5C8} = {B5EBA923-7887-443D-983B-64B649FBA5C8}
	EndProjectSection
EndProject
Project("{8BC9CEB8-8B4A-11D0-8D11-00A0C91BC942}") = "ogl-fbo-multiple-output", "samples\ogl-fbo-multiple-output\ogl-fbo-multiple-output.vcproj", "{76CD227A-74B0-466E-9324-4C6D20C4FFD9}"
	ProjectSection(ProjectDependencies) = postProject
		{BCE21910-7A81-4B8E-BCB1-90D4360B6007} = {BCE21910-7A81-4B8E-BCB1-90D4360B6007}
		{B5EBA923-7887-443D-983B-64B649FBA5C8} = {B5EBA923-7887-443D-983B-64B649FBA5C8}
	EndProjectSection
EndProject
Project("{8BC9CEB8-8B4A-11D0-8D11-00A0C91BC942}") = "ogl-fbo-multisample", "samples\ogl-fbo-multisample\ogl-fbo-multisample.vcproj", "{730DABA5-A3EE-4A25-AA12-89C9004CE04A}"
	ProjectSection(ProjectDependencies) = postProject
		{BCE21910-7A81-4B8E-BCB1-90D4360B6007} = {BCE21910-7A81-4B8E-BCB1-90D4360B6007}
		{B5EBA923-7887-443D-983B-64B649FBA5C8} = {B5EBA923-7887-443D-983B-64B649FBA5C8}
	EndProjectSection
EndProject
Project("{8BC9CEB8-8B4A-11D0-8D11-00A0C91BC942}") = "ogl-fbo-srgb", "samples\ogl-fbo-srgb\ogl-fbo-srgb.vcproj", "{74A4E12B-A361-4927-AC22-8DAEDF28E246}"
	ProjectSection(ProjectDependencies) = postProject
		{BCE21910-7A81-4B8E-BCB1-90D4360B6007} = {BCE21910-7A81-4B8E-BCB1-90D4360B6007}
		{B5EBA923-7887-443D-983B-64B649FBA5C8} = {B5EBA923-7887-443D-983B-64B649FBA5C8}
	EndProjectSection
EndProject
Project("{8BC9CEB8-8B4A-11D0-8D11-00A0C91BC942}") = "ogl-image-2d", "samples\ogl-image-2d\ogl-image-2d.vcproj", "{80B5762B-8920-41CB-989A-58FC4955A551}"
	ProjectSection(ProjectDependencies) = postProject
		{BCE21910-7A81-4B8E-BCB1-90D4360B6007} = {BCE21910-7A81-4B8E-BCB1-90D4360B6007}
		{B5EBA923-7887-443D-983B-64B649FBA5C8} = {B5EBA923-7887-443D-983B-64B649FBA5C8}
	EndProjectSection
EndProject
Project("{8BC9CEB8-8B4A-11D0-8D11-00A0C91BC942}") = "ogl-image-2d-array", "samples\ogl-image-array\ogl-image-2d-array.vcproj", "{22CB67F2-F442-420F-9F00-BFA8194B0209}"
	ProjectSection(ProjectDependencies) = postProject
		{BCE21910-7A81-4B8E-BCB1-90D4360B6007} = {BCE21910-7A81-4B8E-BCB1-90D4360B6007}
		{B5EBA923-7887-443D-983B-64B649FBA5C8} = {B5EBA923-7887-443D-983B-64B649FBA5C8}
	EndProjectSection
EndProject
Project("{8BC9CEB8-8B4A-11D0-8D11-00A0C91BC942}") = "ogl-image-2d-compressed", "samples\ogl-image-2d-compressed\ogl-image-2d-compressed.vcproj", "{19FAF49B-27E6-4261-A66C-B3BA87198B06}"
	ProjectSection(ProjectDependencies) = postProject
		{BCE21910-7A81-4B8E-BCB1-90D4360B6007} = {BCE21910-7A81-4B8E-BCB1-90D4360B6007}
		{B5EBA923-7887-443D-983B-64B649FBA5C8} = {B5EBA923-7887-443D-983B-64B649FBA5C8}
	EndProjectSection
EndProject
Project("{8BC9CEB8-8B4A-11D0-8D11-00A0C91BC942}") = "ogl-image-rect", "samples\ogl-image-rect\ogl-image-rect.vcproj", "{5516D582-4522-40AB-9BF6-A4E5F24BBF04}"
	ProjectSection(ProjectDependencies) = postProject
		{BCE21910-7A81-4B8E-BCB1-90D4360B6007} = {BCE21910-7A81-4B8E-BCB1-90D4360B6007}
		{B5EBA923-7887-443D-983B-64B649FBA5C8} = {B5EBA923-7887-443D-983B-64B649FBA5C8}
	EndProjectSection
EndProject
Project("{8BC9CEB8-8B4A-11D0-8D11-00A0C91BC942}") = "ogl-query-conditional", "samples\ogl-query-conditional\ogl-query-conditional.vcproj", "{9DB57ABB-ACC3-48D5-A650-EE7CC080230B}"
	ProjectSection(ProjectDependencies) = postProject
		{BCE21910-7A81-4B8E-BCB1-90D4360B6007} = {BCE21910-7A81-4B8E-BCB1-90D4360B6007}
		{B5EBA923-7887-443D-983B-64B649FBA5C8} = {B5EBA923-7887-443D-983B-64B649FBA5C8}
	EndProjectSection
EndProject
Project("{8BC9CEB8-8B4A-11D0-8D11-00A0C91BC942}") = "ogl-query-occlusion", "samples\ogl-query-occlusion\ogl-query-occlusion.vcproj", "{B878BBF3-1589-4EF1-997E-445CBB7AFEEE}"
	ProjectSection(ProjectDependencies) = postProject
		{BCE21910-7A81-4B8E-BCB1-90D4360B6007} = {BCE21910-7A81-4B8E-BCB1-90D4360B6007}
		{B5EBA923-7887-443D-983B-64B649FBA5C8} = {B5EBA923-7887-443D-983B-64B649FBA5C8}
	EndProjectSection
EndProject
Project("{8BC9CEB8-8B4A-11D0-8D11-00A0C91BC942}") = "ogl-query-timer", "samples\ogl-query-timer\ogl-query-timer.vcproj", "{6AA2448E-957B-4FA9-9678-2E705D88D366}"
	ProjectSection(ProjectDependencies) = postProject
		{BCE21910-7A81-4B8E-BCB1-90D4360B6007} = {BCE21910-7A81-4B8E-BCB1-90D4360B6007}
		{B5EBA923-7887-443D-983B-64B649FBA5C8} = {B5EBA923-7887-443D-983B-64B649FBA5C8}
	EndProjectSection
EndProject
Project("{8BC9CEB8-8B4A-11D0-8D11-00A0C91BC942}") = "ogl-rasterizer-viewport", "samples\ogl-rasterizer-viewport\ogl-rasterizer-viewport.vcproj", "{F072F516-09CC-4B31-A066-C67880B84619}"
	ProjectSection(ProjectDependencies) = postProject
		{BCE21910-7A81-4B8E-BCB1-90D4360B6007} = {BCE21910-7A81-4B8E-BCB1-90D4360B6007}
		{B5EBA923-7887-443D-983B-64B649FBA5C8} = {B5EBA923-7887-443D-983B-64B649FBA5C8}
	EndProjectSection
EndProject
Project("{8BC9CEB8-8B4A-11D0-8D11-00A0C91BC942}") = "ogl-sampler-anisotropy-ext", "samples\ogl-sampler-anisotropy-ext\ogl-sampler-anisotropy-ext.vcproj", "{77B30ABA-E378-4647-9939-EB720671AB67}"
	ProjectSection(ProjectDependencies) = postProject
		{BCE21910-7A81-4B8E-BCB1-90D4360B6007} = {BCE21910-7A81-4B8E-BCB1-90D4360B6007}
		{B5EBA923-7887-443D-983B-64B649FBA5C8} = {B5EBA923-7887-443D-983B-64B649FBA5C8}
	EndProjectSection
EndProject
Project("{8BC9CEB8-8B4A-11D0-8D11-00A0C91BC942}") = "ogl-sampler-filter", "samples\ogl-sampler-filter\ogl-sampler-filter.vcproj", "{34CD8785-4700-41DD-A70C-8AB08F7D457D}"
	ProjectSection(ProjectDependencies) = postProject
		{BCE21910-7A81-4B8E-BCB1-90D4360B6007} = {BCE21910-7A81-4B8E-BCB1-90D4360B6007}
		{B5EBA923-7887-443D-983B-64B649FBA5C8} = {B5EBA923-7887-443D-983B-64B649FBA5C8}
	EndProjectSection
EndProject
Project("{8BC9CEB8-8B4A-11D0-8D11-00A0C91BC942}") = "ogl-sampler-object", "samples\ogl-sampler-object\ogl-sampler-object.vcproj", "{068A29E0-0754-4E03-835A-0A304C9CA12F}"
	ProjectSection(ProjectDependencies) = postProject
		{BCE21910-7A81-4B8E-BCB1-90D4360B6007} = {BCE21910-7A81-4B8E-BCB1-90D4360B6007}
		{B5EBA923-7887-443D-983B-64B649FBA5C8} = {B5EBA923-7887-443D-983B-64B649FBA5C8}
	EndProjectSection
EndProject
Project("{8BC9CEB8-8B4A-11D0-8D11-00A0C91BC942}") = "ogl-sampler-swizzle", "samples\ogl-sampler-swizzle\ogl-sampler-swizzle.vcproj", "{87A5A666-2A24-4BB3-804F-0D664D1AA65D}"
	ProjectSection(ProjectDependencies) = postProject
		{BCE21910-7A81-4B8E-BCB1-90D4360B6007} = {BCE21910-7A81-4B8E-BCB1-90D4360B6007}
		{B5EBA923-7887-443D-983B-64B649FBA5C8} = {B5EBA923-7887-443D-983B-64B649FBA5C8}
	EndProjectSection
EndProject
Project("{8BC9CEB8-8B4A-11D0-8D11-00A0C91BC942}") = "ogl-sampler-wrap", "samples\ogl-sampler-wrap\ogl-sampler-wrap.vcproj", "{FCD0B8BF-A005-477D-B277-09F7FBA007D5}"
	ProjectSection(ProjectDependencies) = postProject
		{BCE21910-7A81-4B8E-BCB1-90D4360B6007} = {BCE21910-7A81-4B8E-BCB1-90D4360B6007}
		{B5EBA923-7887-443D-983B-64B649FBA5C8} = {B5EBA923-7887-443D-983B-64B649FBA5C8}
	EndProjectSection
EndProject
Project("{8BC9CEB8-8B4A-11D0-8D11-00A0C91BC942}") = "ogl-test-scissor", "samples\ogl-test-scissor\ogl-test-scissor.vcproj", "{5416BFD4-42DF-4662-A33C-E417A87D32C8}"
	ProjectSection(ProjectDependencies) = postProject
		{BCE21910-7A81-4B8E-BCB1-90D4360B6007} = {BCE21910-7A81-4B8E-BCB1-90D4360B6007}
		{B5EBA923-7887-443D-983B-64B649FBA5C8} = {B5EBA923-7887-443D-983B-64B649FBA5C8}
	EndProjectSection
EndProject
Project("{8BC9CEB8-8B4A-11D0-8D11-00A0C91BC942}") = "ogl-transform-feedback", "samples\ogl-transform-feedback\ogl-transform-feedback.vcproj", "{C4EE64CF-6CF1-4F09-9BE0-37AC8BA96C34}"
	ProjectSection(ProjectDependencies) = postProject
		{BCE21910-7A81-4B8E-BCB1-90D4360B6007} = {BCE21910-7A81-4B8E-BCB1-90D4360B6007}
		{B5EBA923-7887-443D-983B-64B649FBA5C8} = {B5EBA923-7887-443D-983B-64B649FBA5C8}
	EndProjectSection
EndProject
Project("{8BC9CEB8-8B4A-11D0-8D11-00A0C91BC942}") = "ogl-vao", "samples\ogl-vao\ogl-vao.vcproj", "{E5F04D1D-82CE-44B2-9D54-763044342598}"
	ProjectSection(ProjectDependencies) = postProject
		{BCE21910-7A81-4B8E-BCB1-90D4360B6007} = {BCE21910-7A81-4B8E-BCB1-90D4360B6007}
		{B5EBA923-7887-443D-983B-64B649FBA5C8} = {B5EBA923-7887-443D-983B-64B649FBA5C8}
	EndProjectSection
EndProject
Global
	GlobalSection(SolutionConfigurationPlatforms) = preSolution
		Debug|Win32 = Debug|Win32
		Release|Win32 = Release|Win32
		MinSizeRel|Win32 = MinSizeRel|Win32
		RelWithDebInfo|Win32 = RelWithDebInfo|Win32
	EndGlobalSection
	GlobalSection(ProjectConfigurationPlatforms) = postSolution
		{4892FB2A-FE55-4442-ABC4-B2D0FE430E7D}.Debug|Win32.ActiveCfg = Debug|Win32
		{4892FB2A-FE55-4442-ABC4-B2D0FE430E7D}.Release|Win32.ActiveCfg = Release|Win32
		{4892FB2A-FE55-4442-ABC4-B2D0FE430E7D}.MinSizeRel|Win32.ActiveCfg = MinSizeRel|Win32
		{4892FB2A-FE55-4442-ABC4-B2D0FE430E7D}.RelWithDebInfo|Win32.ActiveCfg = RelWithDebInfo|Win32
		{BCE21910-7A81-4B8E-BCB1-90D4360B6007}.Debug|Win32.ActiveCfg = Debug|Win32
		{BCE21910-7A81-4B8E-BCB1-90D4360B6007}.Debug|Win32.Build.0 = Debug|Win32
		{BCE21910-7A81-4B8E-BCB1-90D4360B6007}.Release|Win32.ActiveCfg = Release|Win32
		{BCE21910-7A81-4B8E-BCB1-90D4360B6007}.Release|Win32.Build.0 = Release|Win32
		{BCE21910-7A81-4B8E-BCB1-90D4360B6007}.MinSizeRel|Win32.ActiveCfg = MinSizeRel|Win32
		{BCE21910-7A81-4B8E-BCB1-90D4360B6007}.MinSizeRel|Win32.Build.0 = MinSizeRel|Win32
		{BCE21910-7A81-4B8E-BCB1-90D4360B6007}.RelWithDebInfo|Win32.ActiveCfg = RelWithDebInfo|Win32
		{BCE21910-7A81-4B8E-BCB1-90D4360B6007}.RelWithDebInfo|Win32.Build.0 = RelWithDebInfo|Win32
		{B5EBA923-7887-443D-983B-64B649FBA5C8}.Debug|Win32.ActiveCfg = Debug|Win32
		{B5EBA923-7887-443D-983B-64B649FBA5C8}.Debug|Win32.Build.0 = Debug|Win32
		{B5EBA923-7887-443D-983B-64B649FBA5C8}.Release|Win32.ActiveCfg = Release|Win32
		{B5EBA923-7887-443D-983B-64B649FBA5C8}.Release|Win32.Build.0 = Release|Win32
		{B5EBA923-7887-443D-983B-64B649FBA5C8}.MinSizeRel|Win32.ActiveCfg = MinSizeRel|Win32
		{B5EBA923-7887-443D-983B-64B649FBA5C8}.MinSizeRel|Win32.Build.0 = MinSizeRel|Win32
		{B5EBA923-7887-443D-983B-64B649FBA5C8}.RelWithDebInfo|Win32.ActiveCfg = RelWithDebInfo|Win32
		{B5EBA923-7887-443D-983B-64B649FBA5C8}.RelWithDebInfo|Win32.Build.0 = RelWithDebInfo|Win32
		{253A471B-7063-4F0F-ACA6-D28732427042}.Debug|Win32.ActiveCfg = Debug|Win32
		{253A471B-7063-4F0F-ACA6-D28732427042}.Debug|Win32.Build.0 = Debug|Win32
		{253A471B-7063-4F0F-ACA6-D28732427042}.Release|Win32.ActiveCfg = Release|Win32
		{253A471B-7063-4F0F-ACA6-D28732427042}.Release|Win32.Build.0 = Release|Win32
		{253A471B-7063-4F0F-ACA6-D28732427042}.MinSizeRel|Win32.ActiveCfg = MinSizeRel|Win32
		{253A471B-7063-4F0F-ACA6-D28732427042}.MinSizeRel|Win32.Build.0 = MinSizeRel|Win32
		{253A471B-7063-4F0F-ACA6-D28732427042}.RelWithDebInfo|Win32.ActiveCfg = RelWithDebInfo|Win32
		{253A471B-7063-4F0F-ACA6-D28732427042}.RelWithDebInfo|Win32.Build.0 = RelWithDebInfo|Win32
		{1CB7091D-FD78-4120-8DDA-036886C6DCAA}.Debug|Win32.ActiveCfg = Debug|Win32
		{1CB7091D-FD78-4120-8DDA-036886C6DCAA}.Debug|Win32.Build.0 = Debug|Win32
		{1CB7091D-FD78-4120-8DDA-036886C6DCAA}.Release|Win32.ActiveCfg = Release|Win32
		{1CB7091D-FD78-4120-8DDA-036886C6DCAA}.Release|Win32.Build.0 = Release|Win32
		{1CB7091D-FD78-4120-8DDA-036886C6DCAA}.MinSizeRel|Win32.ActiveCfg = MinSizeRel|Win32
		{1CB7091D-FD78-4120-8DDA-036886C6DCAA}.MinSizeRel|Win32.Build.0 = MinSizeRel|Win32
		{1CB7091D-FD78-4120-8DDA-036886C6DCAA}.RelWithDebInfo|Win32.ActiveCfg = RelWithDebInfo|Win32
		{1CB7091D-FD78-4120-8DDA-036886C6DCAA}.RelWithDebInfo|Win32.Build.0 = RelWithDebInfo|Win32
		{B188F0DF-B1E6-4DEA-B951-57A0B144A52D}.Debug|Win32.ActiveCfg = Debug|Win32
		{B188F0DF-B1E6-4DEA-B951-57A0B144A52D}.Debug|Win32.Build.0 = Debug|Win32
		{B188F0DF-B1E6-4DEA-B951-57A0B144A52D}.Release|Win32.ActiveCfg = Release|Win32
		{B188F0DF-B1E6-4DEA-B951-57A0B144A52D}.Release|Win32.Build.0 = Release|Win32
		{B188F0DF-B1E6-4DEA-B951-57A0B144A52D}.MinSizeRel|Win32.ActiveCfg = MinSizeRel|Win32
		{B188F0DF-B1E6-4DEA-B951-57A0B144A52D}.MinSizeRel|Win32.Build.0 = MinSizeRel|Win32
		{B188F0DF-B1E6-4DEA-B951-57A0B144A52D}.RelWithDebInfo|Win32.ActiveCfg = RelWithDebInfo|Win32
		{B188F0DF-B1E6-4DEA-B951-57A0B144A52D}.RelWithDebInfo|Win32.Build.0 = RelWithDebInfo|Win32
		{43EAC840-CD57-46F3-A7D1-7DE52B9FBBED}.Debug|Win32.ActiveCfg = Debug|Win32
		{43EAC840-CD57-46F3-A7D1-7DE52B9FBBED}.Debug|Win32.Build.0 = Debug|Win32
		{43EAC840-CD57-46F3-A7D1-7DE52B9FBBED}.Release|Win32.ActiveCfg = Release|Win32
		{43EAC840-CD57-46F3-A7D1-7DE52B9FBBED}.Release|Win32.Build.0 = Release|Win32
		{43EAC840-CD57-46F3-A7D1-7DE52B9FBBED}.MinSizeRel|Win32.ActiveCfg = MinSizeRel|Win32
		{43EAC840-CD57-46F3-A7D1-7DE52B9FBBED}.MinSizeRel|Win32.Build.0 = MinSizeRel|Win32
		{43EAC840-CD57-46F3-A7D1-7DE52B9FBBED}.RelWithDebInfo|Win32.ActiveCfg = RelWithDebInfo|Win32
		{43EAC840-CD57-46F3-A7D1-7DE52B9FBBED}.RelWithDebInfo|Win32.Build.0 = RelWithDebInfo|Win32
		{A04BD2BF-A92C-421D-9261-AAC6D4BD4FB8}.Debug|Win32.ActiveCfg = Debug|Win32
		{A04BD2BF-A92C-421D-9261-AAC6D4BD4FB8}.Debug|Win32.Build.0 = Debug|Win32
		{A04BD2BF-A92C-421D-9261-AAC6D4BD4FB8}.Release|Win32.ActiveCfg = Release|Win32
		{A04BD2BF-A92C-421D-9261-AAC6D4BD4FB8}.Release|Win32.Build.0 = Release|Win32
		{A04BD2BF-A92C-421D-9261-AAC6D4BD4FB8}.MinSizeRel|Win32.ActiveCfg = MinSizeRel|Win32
		{A04BD2BF-A92C-421D-9261-AAC6D4BD4FB8}.MinSizeRel|Win32.Build.0 = MinSizeRel|Win32
		{A04BD2BF-A92C-421D-9261-AAC6D4BD4FB8}.RelWithDebInfo|Win32.ActiveCfg = RelWithDebInfo|Win32
		{A04BD2BF-A92C-421D-9261-AAC6D4BD4FB8}.RelWithDebInfo|Win32.Build.0 = RelWithDebInfo|Win32
		{1E5DA2D5-B4E2-47E2-8A1A-4E1377E95E43}.Debug|Win32.ActiveCfg = Debug|Win32
		{1E5DA2D5-B4E2-47E2-8A1A-4E1377E95E43}.Debug|Win32.Build.0 = Debug|Win32
		{1E5DA2D5-B4E2-47E2-8A1A-4E1377E95E43}.Release|Win32.ActiveCfg = Release|Win32
		{1E5DA2D5-B4E2-47E2-8A1A-4E1377E95E43}.Release|Win32.Build.0 = Release|Win32
		{1E5DA2D5-B4E2-47E2-8A1A-4E1377E95E43}.MinSizeRel|Win32.ActiveCfg = MinSizeRel|Win32
		{1E5DA2D5-B4E2-47E2-8A1A-4E1377E95E43}.MinSizeRel|Win32.Build.0 = MinSizeRel|Win32
		{1E5DA2D5-B4E2-47E2-8A1A-4E1377E95E43}.RelWithDebInfo|Win32.ActiveCfg = RelWithDebInfo|Win32
		{1E5DA2D5-B4E2-47E2-8A1A-4E1377E95E43}.RelWithDebInfo|Win32.Build.0 = RelWithDebInfo|Win32
		{6625F821-75A0-42F6-8032-247FCFF4A4EF}.Debug|Win32.ActiveCfg = Debug|Win32
		{6625F821-75A0-42F6-8032-247FCFF4A4EF}.Debug|Win32.Build.0 = Debug|Win32
		{6625F821-75A0-42F6-8032-247FCFF4A4EF}.Release|Win32.ActiveCfg = Release|Win32
		{6625F821-75A0-42F6-8032-247FCFF4A4EF}.Release|Win32.Build.0 = Release|Win32
		{6625F821-75A0-42F6-8032-247FCFF4A4EF}.MinSizeRel|Win32.ActiveCfg = MinSizeRel|Win32
		{6625F821-75A0-42F6-8032-247FCFF4A4EF}.MinSizeRel|Win32.Build.0 = MinSizeRel|Win32
		{6625F821-75A0-42F6-8032-247FCFF4A4EF}.RelWithDebInfo|Win32.ActiveCfg = RelWithDebInfo|Win32
		{6625F821-75A0-42F6-8032-247FCFF4A4EF}.RelWithDebInfo|Win32.Build.0 = RelWithDebInfo|Win32
		{12732504-9ED4-40B5-9B2A-A9F49468C2C2}.Debug|Win32.ActiveCfg = Debug|Win32
		{12732504-9ED4-40B5-9B2A-A9F49468C2C2}.Debug|Win32.Build.0 = Debug|Win32
		{12732504-9ED4-40B5-9B2A-A9F49468C2C2}.Release|Win32.ActiveCfg = Release|Win32
		{12732504-9ED4-40B5-9B2A-A9F49468C2C2}.Release|Win32.Build.0 = Release|Win32
		{12732504-9ED4-40B5-9B2A-A9F49468C2C2}.MinSizeRel|Win32.ActiveCfg = MinSizeRel|Win32
		{12732504-9ED4-40B5-9B2A-A9F49468C2C2}.MinSizeRel|Win32.Build.0 = MinSizeRel|Win32
		{12732504-9ED4-40B5-9B2A-A9F49468C2C2}.RelWithDebInfo|Win32.ActiveCfg = RelWithDebInfo|Win32
		{12732504-9ED4-40B5-9B2A-A9F49468C2C2}.RelWithDebInfo|Win32.Build.0 = RelWithDebInfo|Win32
		{1F5B976A-EE44-4B84-868E-60DED76FE305}.Debug|Win32.ActiveCfg = Debug|Win32
		{1F5B976A-EE44-4B84-868E-60DED76FE305}.Debug|Win32.Build.0 = Debug|Win32
		{1F5B976A-EE44-4B84-868E-60DED76FE305}.Release|Win32.ActiveCfg = Release|Win32
		{1F5B976A-EE44-4B84-868E-60DED76FE305}.Release|Win32.Build.0 = Release|Win32
		{1F5B976A-EE44-4B84-868E-60DED76FE305}.MinSizeRel|Win32.ActiveCfg = MinSizeRel|Win32
		{1F5B976A-EE44-4B84-868E-60DED76FE305}.MinSizeRel|Win32.Build.0 = MinSizeRel|Win32
		{1F5B976A-EE44-4B84-868E-60DED76FE305}.RelWithDebInfo|Win32.ActiveCfg = RelWithDebInfo|Win32
		{1F5B976A-EE44-4B84-868E-60DED76FE305}.RelWithDebInfo|Win32.Build.0 = RelWithDebInfo|Win32
		{FD8CDA3A-8D82-4296-B247-458CED78462F}.Debug|Win32.ActiveCfg = Debug|Win32
		{FD8CDA3A-8D82-4296-B247-458CED78462F}.Debug|Win32.Build.0 = Debug|Win32
		{FD8CDA3A-8D82-4296-B247-458CED78462F}.Release|Win32.ActiveCfg = Release|Win32
		{FD8CDA3A-8D82-4296-B247-458CED78462F}.Release|Win32.Build.0 = Release|Win32
		{FD8CDA3A-8D82-4296-B247-458CED78462F}.MinSizeRel|Win32.ActiveCfg = MinSizeRel|Win32
		{FD8CDA3A-8D82-4296-B247-458CED78462F}.MinSizeRel|Win32.Build.0 = MinSizeRel|Win32
		{FD8CDA3A-8D82-4296-B247-458CED78462F}.RelWithDebInfo|Win32.ActiveCfg = RelWithDebInfo|Win32
		{FD8CDA3A-8D82-4296-B247-458CED78462F}.RelWithDebInfo|Win32.Build.0 = RelWithDebInfo|Win32
		{8E80B050-4A06-408E-8E95-DB0985337742}.Debug|Win32.ActiveCfg = Debug|Win32
		{8E80B050-4A06-408E-8E95-DB0985337742}.Debug|Win32.Build.0 = Debug|Win32
		{8E80B050-4A06-408E-8E95-DB0985337742}.Release|Win32.ActiveCfg = Release|Win32
		{8E80B050-4A06-408E-8E95-DB0985337742}.Release|Win32.Build.0 = Release|Win32
		{8E80B050-4A06-408E-8E95-DB0985337742}.MinSizeRel|Win32.ActiveCfg = MinSizeRel|Win32
		{8E80B050-4A06-408E-8E95-DB0985337742}.MinSizeRel|Win32.Build.0 = MinSizeRel|Win32
		{8E80B050-4A06-408E-8E95-DB0985337742}.RelWithDebInfo|Win32.ActiveCfg = RelWithDebInfo|Win32
		{8E80B050-4A06-408E-8E95-DB0985337742}.RelWithDebInfo|Win32.Build.0 = RelWithDebInfo|Win32
		{76CD227A-74B0-466E-9324-4C6D20C4FFD9}.Debug|Win32.ActiveCfg = Debug|Win32
		{76CD227A-74B0-466E-9324-4C6D20C4FFD9}.Debug|Win32.Build.0 = Debug|Win32
		{76CD227A-74B0-466E-9324-4C6D20C4FFD9}.Release|Win32.ActiveCfg = Release|Win32
		{76CD227A-74B0-466E-9324-4C6D20C4FFD9}.Release|Win32.Build.0 = Release|Win32
		{76CD227A-74B0-466E-9324-4C6D20C4FFD9}.MinSizeRel|Win32.ActiveCfg = MinSizeRel|Win32
		{76CD227A-74B0-466E-9324-4C6D20C4FFD9}.MinSizeRel|Win32.Build.0 = MinSizeRel|Win32
		{76CD227A-74B0-466E-9324-4C6D20C4FFD9}.RelWithDebInfo|Win32.ActiveCfg = RelWithDebInfo|Win32
		{76CD227A-74B0-466E-9324-4C6D20C4FFD9}.RelWithDebInfo|Win32.Build.0 = RelWithDebInfo|Win32
		{730DABA5-A3EE-4A25-AA12-89C9004CE04A}.Debug|Win32.ActiveCfg = Debug|Win32
		{730DABA5-A3EE-4A25-AA12-89C9004CE04A}.Debug|Win32.Build.0 = Debug|Win32
		{730DABA5-A3EE-4A25-AA12-89C9004CE04A}.Release|Win32.ActiveCfg = Release|Win32
		{730DABA5-A3EE-4A25-AA12-89C9004CE04A}.Release|Win32.Build.0 = Release|Win32
		{730DABA5-A3EE-4A25-AA12-89C9004CE04A}.MinSizeRel|Win32.ActiveCfg = MinSizeRel|Win32
		{730DABA5-A3EE-4A25-AA12-89C9004CE04A}.MinSizeRel|Win32.Build.0 = MinSizeRel|Win32
		{730DABA5-A3EE-4A25-AA12-89C9004CE04A}.RelWithDebInfo|Win32.ActiveCfg = RelWithDebInfo|Win32
		{730DABA5-A3EE-4A25-AA12-89C9004CE04A}.RelWithDebInfo|Win32.Build.0 = RelWithDebInfo|Win32
		{74A4E12B-A361-4927-AC22-8DAEDF28E246}.Debug|Win32.ActiveCfg = Debug|Win32
		{74A4E12B-A361-4927-AC22-8DAEDF28E246}.Debug|Win32.Build.0 = Debug|Win32
		{74A4E12B-A361-4927-AC22-8DAEDF28E246}.Release|Win32.ActiveCfg = Release|Win32
		{74A4E12B-A361-4927-AC22-8DAEDF28E246}.Release|Win32.Build.0 = Release|Win32
		{74A4E12B-A361-4927-AC22-8DAEDF28E246}.MinSizeRel|Win32.ActiveCfg = MinSizeRel|Win32
		{74A4E12B-A361-4927-AC22-8DAEDF28E246}.MinSizeRel|Win32.Build.0 = MinSizeRel|Win32
		{74A4E12B-A361-4927-AC22-8DAEDF28E246}.RelWithDebInfo|Win32.ActiveCfg = RelWithDebInfo|Win32
		{74A4E12B-A361-4927-AC22-8DAEDF28E246}.RelWithDebInfo|Win32.Build.0 = RelWithDebInfo|Win32
		{80B5762B-8920-41CB-989A-58FC4955A551}.Debug|Win32.ActiveCfg = Debug|Win32
		{80B5762B-8920-41CB-989A-58FC4955A551}.Debug|Win32.Build.0 = Debug|Win32
		{80B5762B-8920-41CB-989A-58FC4955A551}.Release|Win32.ActiveCfg = Release|Win32
		{80B5762B-8920-41CB-989A-58FC4955A551}.Release|Win32.Build.0 = Release|Win32
		{80B5762B-8920-41CB-989A-58FC4955A551}.MinSizeRel|Win32.ActiveCfg = MinSizeRel|Win32
		{80B5762B-8920-41CB-989A-58FC4955A551}.MinSizeRel|Win32.Build.0 = MinSizeRel|Win32
		{80B5762B-8920-41CB-989A-58FC4955A551}.RelWithDebInfo|Win32.ActiveCfg = RelWithDebInfo|Win32
		{80B5762B-8920-41CB-989A-58FC4955A551}.RelWithDebInfo|Win32.Build.0 = RelWithDebInfo|Win32
		{22CB67F2-F442-420F-9F00-BFA8194B0209}.Debug|Win32.ActiveCfg = Debug|Win32
		{22CB67F2-F442-420F-9F00-BFA8194B0209}.Debug|Win32.Build.0 = Debug|Win32
		{22CB67F2-F442-420F-9F00-BFA8194B0209}.Release|Win32.ActiveCfg = Release|Win32
		{22CB67F2-F442-420F-9F00-BFA8194B0209}.Release|Win32.Build.0 = Release|Win32
		{22CB67F2-F442-420F-9F00-BFA8194B0209}.MinSizeRel|Win32.ActiveCfg = MinSizeRel|Win32
		{22CB67F2-F442-420F-9F00-BFA8194B0209}.MinSizeRel|Win32.Build.0 = MinSizeRel|Win32
		{22CB67F2-F442-420F-9F00-BFA8194B0209}.RelWithDebInfo|Win32.ActiveCfg = RelWithDebInfo|Win32
		{22CB67F2-F442-420F-9F00-BFA8194B0209}.RelWithDebInfo|Win32.Build.0 = RelWithDebInfo|Win32
		{19FAF49B-27E6-4261-A66C-B3BA87198B06}.Debug|Win32.ActiveCfg = Debug|Win32
		{19FAF49B-27E6-4261-A66C-B3BA87198B06}.Debug|Win32.Build.0 = Debug|Win32
		{19FAF49B-27E6-4261-A66C-B3BA87198B06}.Release|Win32.ActiveCfg = Release|Win32
		{19FAF49B-27E6-4261-A66C-B3BA87198B06}.Release|Win32.Build.0 = Release|Win32
		{19FAF49B-27E6-4261-A66C-B3BA87198B06}.MinSizeRel|Win32.ActiveCfg = MinSizeRel|Win32
		{19FAF49B-27E6-4261-A66C-B3BA87198B06}.MinSizeRel|Win32.Build.0 = MinSizeRel|Win32
		{19FAF49B-27E6-4261-A66C-B3BA87198B06}.RelWithDebInfo|Win32.ActiveCfg = RelWithDebInfo|Win32
		{19FAF49B-27E6-4261-A66C-B3BA87198B06}.RelWithDebInfo|Win32.Build.0 = RelWithDebInfo|Win32
		{5516D582-4522-40AB-9BF6-A4E5F24BBF04}.Debug|Win32.ActiveCfg = Debug|Win32
		{5516D582-4522-40AB-9BF6-A4E5F24BBF04}.Debug|Win32.Build.0 = Debug|Win32
		{5516D582-4522-40AB-9BF6-A4E5F24BBF04}.Release|Win32.ActiveCfg = Release|Win32
		{5516D582-4522-40AB-9BF6-A4E5F24BBF04}.Release|Win32.Build.0 = Release|Win32
		{5516D582-4522-40AB-9BF6-A4E5F24BBF04}.MinSizeRel|Win32.ActiveCfg = MinSizeRel|Win32
		{5516D582-4522-40AB-9BF6-A4E5F24BBF04}.MinSizeRel|Win32.Build.0 = MinSizeRel|Win32
		{5516D582-4522-40AB-9BF6-A4E5F24BBF04}.RelWithDebInfo|Win32.ActiveCfg = RelWithDebInfo|Win32
		{5516D582-4522-40AB-9BF6-A4E5F24BBF04}.RelWithDebInfo|Win32.Build.0 = RelWithDebInfo|Win32
		{9DB57ABB-ACC3-48D5-A650-EE7CC080230B}.Debug|Win32.ActiveCfg = Debug|Win32
		{9DB57ABB-ACC3-48D5-A650-EE7CC080230B}.Debug|Win32.Build.0 = Debug|Win32
		{9DB57ABB-ACC3-48D5-A650-EE7CC080230B}.Release|Win32.ActiveCfg = Release|Win32
		{9DB57ABB-ACC3-48D5-A650-EE7CC080230B}.Release|Win32.Build.0 = Release|Win32
		{9DB57ABB-ACC3-48D5-A650-EE7CC080230B}.MinSizeRel|Win32.ActiveCfg = MinSizeRel|Win32
		{9DB57ABB-ACC3-48D5-A650-EE7CC080230B}.MinSizeRel|Win32.Build.0 = MinSizeRel|Win32
		{9DB57ABB-ACC3-48D5-A650-EE7CC080230B}.RelWithDebInfo|Win32.ActiveCfg = RelWithDebInfo|Win32
		{9DB57ABB-ACC3-48D5-A650-EE7CC080230B}.RelWithDebInfo|Win32.Build.0 = RelWithDebInfo|Win32
		{B878BBF3-1589-4EF1-997E-445CBB7AFEEE}.Debug|Win32.ActiveCfg = Debug|Win32
		{B878BBF3-1589-4EF1-997E-445CBB7AFEEE}.Debug|Win32.Build.0 = Debug|Win32
		{B878BBF3-1589-4EF1-997E-445CBB7AFEEE}.Release|Win32.ActiveCfg = Release|Win32
		{B878BBF3-1589-4EF1-997E-445CBB7AFEEE}.Release|Win32.Build.0 = Release|Win32
		{B878BBF3-1589-4EF1-997E-445CBB7AFEEE}.MinSizeRel|Win32.ActiveCfg = MinSizeRel|Win32
		{B878BBF3-1589-4EF1-997E-445CBB7AFEEE}.MinSizeRel|Win32.Build.0 = MinSizeRel|Win32
		{B878BBF3-1589-4EF1-997E-445CBB7AFEEE}.RelWithDebInfo|Win32.ActiveCfg = RelWithDebInfo|Win32
		{B878BBF3-1589-4EF1-997E-445CBB7AFEEE}.RelWithDebInfo|Win32.Build.0 = RelWithDebInfo|Win32
		{6AA2448E-957B-4FA9-9678-2E705D88D366}.Debug|Win32.ActiveCfg = Debug|Win32
		{6AA2448E-957B-4FA9-9678-2E705D88D366}.Debug|Win32.Build.0 = Debug|Win32
		{6AA2448E-957B-4FA9-9678-2E705D88D366}.Release|Win32.ActiveCfg = Release|Win32
		{6AA2448E-957B-4FA9-9678-2E705D88D366}.Release|Win32.Build.0 = Release|Win32
		{6AA2448E-957B-4FA9-9678-2E705D88D366}.MinSizeRel|Win32.ActiveCfg = MinSizeRel|Win32
		{6AA2448E-957B-4FA9-9678-2E705D88D366}.MinSizeRel|Win32.Build.0 = MinSizeRel|Win32
		{6AA2448E-957B-4FA9-9678-2E705D88D366}.RelWithDebInfo|Win32.ActiveCfg = RelWithDebInfo|Win32
		{6AA2448E-957B-4FA9-9678-2E705D88D366}.RelWithDebInfo|Win32.Build.0 = RelWithDebInfo|Win32
		{F072F516-09CC-4B31-A066-C67880B84619}.Debug|Win32.ActiveCfg = Debug|Win32
		{F072F516-09CC-4B31-A066-C67880B84619}.Debug|Win32.Build.0 = Debug|Win32
		{F072F516-09CC-4B31-A066-C67880B84619}.Release|Win32.ActiveCfg = Release|Win32
		{F072F516-09CC-4B31-A066-C67880B84619}.Release|Win32.Build.0 = Release|Win32
		{F072F516-09CC-4B31-A066-C67880B84619}.MinSizeRel|Win32.ActiveCfg = MinSizeRel|Win32
		{F072F516-09CC-4B31-A066-C67880B84619}.MinSizeRel|Win32.Build.0 = MinSizeRel|Win32
		{F072F516-09CC-4B31-A066-C67880B84619}.RelWithDebInfo|Win32.ActiveCfg = RelWithDebInfo|Win32
		{F072F516-09CC-4B31-A066-C67880B84619}.RelWithDebInfo|Win32.Build.0 = RelWithDebInfo|Win32
		{77B30ABA-E378-4647-9939-EB720671AB67}.Debug|Win32.ActiveCfg = Debug|Win32
		{77B30ABA-E378-4647-9939-EB720671AB67}.Debug|Win32.Build.0 = Debug|Win32
		{77B30ABA-E378-4647-9939-EB720671AB67}.Release|Win32.ActiveCfg = Release|Win32
		{77B30ABA-E378-4647-9939-EB720671AB67}.Release|Win32.Build.0 = Release|Win32
		{77B30ABA-E378-4647-9939-EB720671AB67}.MinSizeRel|Win32.ActiveCfg = MinSizeRel|Win32
		{77B30ABA-E378-4647-9939-EB720671AB67}.MinSizeRel|Win32.Build.0 = MinSizeRel|Win32
		{77B30ABA-E378-4647-9939-EB720671AB67}.RelWithDebInfo|Win32.ActiveCfg = RelWithDebInfo|Win32
		{77B30ABA-E378-4647-9939-EB720671AB67}.RelWithDebInfo|Win32.Build.0 = RelWithDebInfo|Win32
		{34CD8785-4700-41DD-A70C-8AB08F7D457D}.Debug|Win32.ActiveCfg = Debug|Win32
		{34CD8785-4700-41DD-A70C-8AB08F7D457D}.Debug|Win32.Build.0 = Debug|Win32
		{34CD8785-4700-41DD-A70C-8AB08F7D457D}.Release|Win32.ActiveCfg = Release|Win32
		{34CD8785-4700-41DD-A70C-8AB08F7D457D}.Release|Win32.Build.0 = Release|Win32
		{34CD8785-4700-41DD-A70C-8AB08F7D457D}.MinSizeRel|Win32.ActiveCfg = MinSizeRel|Win32
		{34CD8785-4700-41DD-A70C-8AB08F7D457D}.MinSizeRel|Win32.Build.0 = MinSizeRel|Win32
		{34CD8785-4700-41DD-A70C-8AB08F7D457D}.RelWithDebInfo|Win32.ActiveCfg = RelWithDebInfo|Win32
		{34CD8785-4700-41DD-A70C-8AB08F7D457D}.RelWithDebInfo|Win32.Build.0 = RelWithDebInfo|Win32
		{068A29E0-0754-4E03-835A-0A304C9CA12F}.Debug|Win32.ActiveCfg = Debug|Win32
		{068A29E0-0754-4E03-835A-0A304C9CA12F}.Debug|Win32.Build.0 = Debug|Win32
		{068A29E0-0754-4E03-835A-0A304C9CA12F}.Release|Win32.ActiveCfg = Release|Win32
		{068A29E0-0754-4E03-835A-0A304C9CA12F}.Release|Win32.Build.0 = Release|Win32
		{068A29E0-0754-4E03-835A-0A304C9CA12F}.MinSizeRel|Win32.ActiveCfg = MinSizeRel|Win32
		{068A29E0-0754-4E03-835A-0A304C9CA12F}.MinSizeRel|Win32.Build.0 = MinSizeRel|Win32
		{068A29E0-0754-4E03-835A-0A304C9CA12F}.RelWithDebInfo|Win32.ActiveCfg = RelWithDebInfo|Win32
		{068A29E0-0754-4E03-835A-0A304C9CA12F}.RelWithDebInfo|Win32.Build.0 = RelWithDebInfo|Win32
		{87A5A666-2A24-4BB3-804F-0D664D1AA65D}.Debug|Win32.ActiveCfg = Debug|Win32
		{87A5A666-2A24-4BB3-804F-0D664D1AA65D}.Debug|Win32.Build.0 = Debug|Win32
		{87A5A666-2A24-4BB3-804F-0D664D1AA65D}.Release|Win32.ActiveCfg = Release|Win32
		{87A5A666-2A24-4BB3-804F-0D664D1AA65D}.Release|Win32.Build.0 = Release|Win32
		{87A5A666-2A24-4BB3-804F-0D664D1AA65D}.MinSizeRel|Win32.ActiveCfg = MinSizeRel|Win32
		{87A5A666-2A24-4BB3-804F-0D664D1AA65D}.MinSizeRel|Win32.Build.0 = MinSizeRel|Win32
		{87A5A666-2A24-4BB3-804F-0D664D1AA65D}.RelWithDebInfo|Win32.ActiveCfg = RelWithDebInfo|Win32
		{87A5A666-2A24-4BB3-804F-0D664D1AA65D}.RelWithDebInfo|Win32.Build.0 = RelWithDebInfo|Win32
		{FCD0B8BF-A005-477D-B277-09F7FBA007D5}.Debug|Win32.ActiveCfg = Debug|Win32
		{FCD0B8BF-A005-477D-B277-09F7FBA007D5}.Debug|Win32.Build.0 = Debug|Win32
		{FCD0B8BF-A005-477D-B277-09F7FBA007D5}.Release|Win32.ActiveCfg = Release|Win32
		{FCD0B8BF-A005-477D-B277-09F7FBA007D5}.Release|Win32.Build.0 = Release|Win32
		{FCD0B8BF-A005-477D-B277-09F7FBA007D5}.MinSizeRel|Win32.ActiveCfg = MinSizeRel|Win32
		{FCD0B8BF-A005-477D-B277-09F7FBA007D5}.MinSizeRel|Win32.Build.0 = MinSizeRel|Win32
		{FCD0B8BF-A005-477D-B277-09F7FBA007D5}.RelWithDebInfo|Win32.ActiveCfg = RelWithDebInfo|Win32
		{FCD0B8BF-A005-477D-B277-09F7FBA007D5}.RelWithDebInfo|Win32.Build.0 = RelWithDebInfo|Win32
		{5416BFD4-42DF-4662-A33C-E417A87D32C8}.Debug|Win32.ActiveCfg = Debug|Win32
		{5416BFD4-42DF-4662-A33C-E417A87D32C8}.Debug|Win32.Build.0 = Debug|Win32
		{5416BFD4-42DF-4662-A33C-E417A87D32C8}.Release|Win32.ActiveCfg = Release|Win32
		{5416BFD4-42DF-4662-A33C-E417A87D32C8}.Release|Win32.Build.0 = Release|Win32
		{5416BFD4-42DF-4662-A33C-E417A87D32C8}.MinSizeRel|Win32.ActiveCfg = MinSizeRel|Win32
		{5416BFD4-42DF-4662-A33C-E417A87D32C8}.MinSizeRel|Win32.Build.0 = MinSizeRel|Win32
		{5416BFD4-42DF-4662-A33C-E417A87D32C8}.RelWithDebInfo|Win32.ActiveCfg = RelWithDebInfo|Win32
		{5416BFD4-42DF-4662-A33C-E417A87D32C8}.RelWithDebInfo|Win32.Build.0 = RelWithDebInfo|Win32
		{C4EE64CF-6CF1-4F09-9BE0-37AC8BA96C34}.Debug|Win32.ActiveCfg = Debug|Win32
		{C4EE64CF-6CF1-4F09-9BE0-37AC8BA96C34}.Debug|Win32.Build.0 = Debug|Win32
		{C4EE64CF-6CF1-4F09-9BE0-37AC8BA96C34}.Release|Win32.ActiveCfg = Release|Win32
		{C4EE64CF-6CF1-4F09-9BE0-37AC8BA96C34}.Release|Win32.Build.0 = Release|Win32
		{C4EE64CF-6CF1-4F09-9BE0-37AC8BA96C34}.MinSizeRel|Win32.ActiveCfg = MinSizeRel|Win32
		{C4EE64CF-6CF1-4F09-9BE0-37AC8BA96C34}.MinSizeRel|Win32.Build.0 = MinSizeRel|Win32
		{C4EE64CF-6CF1-4F09-9BE0-37AC8BA96C34}.RelWithDebInfo|Win32.ActiveCfg = RelWithDebInfo|Win32
		{C4EE64CF-6CF1-4F09-9BE0-37AC8BA96C34}.RelWithDebInfo|Win32.Build.0 = RelWithDebInfo|Win32
		{E5F04D1D-82CE-44B2-9D54-763044342598}.Debug|Win32.ActiveCfg = Debug|Win32
		{E5F04D1D-82CE-44B2-9D54-763044342598}.Debug|Win32.Build.0 = Debug|Win32
		{E5F04D1D-82CE-44B2-9D54-763044342598}.Release|Win32.ActiveCfg = Release|Win32
		{E5F04D1D-82CE-44B2-9D54-763044342598}.Release|Win32.Build.0 = Release|Win32
		{E5F04D1D-82CE-44B2-9D54-763044342598}.MinSizeRel|Win32.ActiveCfg = MinSizeRel|Win32
		{E5F04D1D-82CE-44B2-9D54-763044342598}.MinSizeRel|Win32.Build.0 = MinSizeRel|Win32
		{E5F04D1D-82CE-44B2-9D54-763044342598}.RelWithDebInfo|Win32.ActiveCfg = RelWithDebInfo|Win32
		{E5F04D1D-82CE-44B2-9D54-763044342598}.RelWithDebInfo|Win32.Build.0 = RelWithDebInfo|Win32
	EndGlobalSection
	GlobalSection(ExtensibilityGlobals) = postSolution
	EndGlobalSection
	GlobalSection(ExtensibilityAddIns) = postSolution
	EndGlobalSection
EndGlobal
